
Microsoft Visual Studio Solution File, Format Version 12.00
# Visual Studio 15
VisualStudioVersion = 15.0.28010.2016
MinimumVisualStudioVersion = 10.0.40219.1
Project("{FAE04EC0-301F-11D3-BF4B-00C04F79EFBC}") = "Game Chooser", "Game Chooser\Game Chooser.csproj", "{3DF817D9-AA67-4F5C-AF97-1B54DA1843CD}"
EndProject
Global
	GlobalSection(SolutionConfigurationPlatforms) = preSolution
		Debug|Any CPU = Debug|Any CPU
		Release|Any CPU = Release|Any CPU
	EndGlobalSection
	GlobalSection(ProjectConfigurationPlatforms) = postSolution
		{3DF817D9-AA67-4F5C-AF97-1B54DA1843CD}.Debug|Any CPU.ActiveCfg = Debug|Any CPU
		{3DF817D9-AA67-4F5C-AF97-1B54DA1843CD}.Debug|Any CPU.Build.0 = Debug|Any CPU
		{3DF817D9-AA67-4F5C-AF97-1B54DA1843CD}.Release|Any CPU.ActiveCfg = Release|Any CPU
		{3DF817D9-AA67-4F5C-AF97-1B54DA1843CD}.Release|Any CPU.Build.0 = Release|Any CPU
	EndGlobalSection
	GlobalSection(SolutionProperties) = preSolution
		HideSolutionNode = FALSE
	EndGlobalSection
	GlobalSection(ExtensibilityGlobals) = postSolution
		SolutionGuid = {FC92BE04-3880-4659-8EC1-4F1F21787E1F}
	EndGlobalSection
EndGlobal
